# This file is automatically @generated by Poetry 1.8.1 and should not be changed by hand.

[[package]]
name = "nats-py"
version = "2.7.2"
description = "NATS client for Python"
optional = false
python-versions = ">=3.7"
files = [
    {file = "nats-py-2.7.2.tar.gz", hash = "sha256:0c97b4a57bed0ef1ff9ae6c19bc115ec7ca8ede5ab3e001fd00a377056a547cf"},
]

[package.extras]
aiohttp = ["aiohttp"]
fast-parse = ["fast-mail-parser"]
nkeys = ["nkeys"]

[metadata]
lock-version = "2.0"
python-versions = ">=3.10"
content-hash = "1627b8e48df672fb05b2dc8668d0a594f6f46d59c264df3ae00c4156949f358f"
